{
  "requires": true,
  "lockfileVersion": 1,
  "dependencies": {
    "vue": {
      "version": "2.6.10",
      "resolved": "https://registry.npmjs.org/vue/-/vue-2.6.10.tgz",
      "integrity": "sha512-ImThpeNU9HbdZL3utgMCq0oiMzAkt1mcgy3/E6zWC/G6AaQoeuFdsl9nDhTDU3X1R6FK7nsIUuRACVcjI+A2GQ=="
    },
    "vue2-datepick": {
      "version": "3.0.10",
      "resolved": "https://registry.npmjs.org/vue2-datepick/-/vue2-datepick-3.0.10.tgz",
      "integrity": "sha512-nkeHKDJYCcJ32kk7OEM/3BNp/4RIbNIsdeRcw6GSe54m7wmqh7lO0YIAFflMdE5uhry+TyVx0Zh6RfvcOdCx+g==",
      "requires": {
        "vue": "2.6.10",
        "vue2-datepick": "3.0.10"
      }
    }
  }
}
